// !$*UTF8*$!
{
	archiveVersion = 1;
	classes = {
	};
	objectVersion = 50;
	objects = {

/* Begin PBXBuildFile section */
		B40A95DD20E2DD5F003995C4 /* Products.storyboard in Resources */ = {isa = PBXBuildFile; fileRef = B40A95DC20E2DD5F003995C4 /* Products.storyboard */; };
		B40A95E020E2DE82003995C4 /* ProductsViewController.swift in Sources */ = {isa = PBXBuildFile; fileRef = B40A95DF20E2DE82003995C4 /* ProductsViewController.swift */; };
		B40A95E220E2E901003995C4 /* ProductCell.swift in Sources */ = {isa = PBXBuildFile; fileRef = B40A95E120E2E901003995C4 /* ProductCell.swift */; };
		B40A95E420E2EF25003995C4 /* ProductViewModel.swift in Sources */ = {isa = PBXBuildFile; fileRef = B40A95E320E2EF25003995C4 /* ProductViewModel.swift */; };
		B42D51B320E1BEDF0077D323 /* AppDelegate.swift in Sources */ = {isa = PBXBuildFile; fileRef = B42D51B220E1BEDF0077D323 /* AppDelegate.swift */; };
		B42D51BA20E1BEE10077D323 /* Assets.xcassets in Resources */ = {isa = PBXBuildFile; fileRef = B42D51B920E1BEE10077D323 /* Assets.xcassets */; };
		B42D51BD20E1BEE10077D323 /* LaunchScreen.storyboard in Resources */ = {isa = PBXBuildFile; fileRef = B42D51BB20E1BEE10077D323 /* LaunchScreen.storyboard */; };
		B4374C5D20E405BC00875634 /* ProductDetailViewController.swift in Sources */ = {isa = PBXBuildFile; fileRef = B4374C5C20E405BC00875634 /* ProductDetailViewController.swift */; };
		B4374C5F20E458D900875634 /* MapViewController.swift in Sources */ = {isa = PBXBuildFile; fileRef = B4374C5E20E458D900875634 /* MapViewController.swift */; };
		B49B0F4020E1D3DA00C1303A /* Product.swift in Sources */ = {isa = PBXBuildFile; fileRef = B49B0F3F20E1D3DA00C1303A /* Product.swift */; };
		B4D0EF0220E2ADA400980199 /* Router.swift in Sources */ = {isa = PBXBuildFile; fileRef = B4D0EF0120E2ADA400980199 /* Router.swift */; };
		FFE9496D5672FE102308C674 /* Pods_MasterDetailApp.framework in Frameworks */ = {isa = PBXBuildFile; fileRef = A4845076294EAD14A3CFEB87 /* Pods_MasterDetailApp.framework */; };
/* End PBXBuildFile section */

/* Begin PBXFileReference section */
		A4845076294EAD14A3CFEB87 /* Pods_MasterDetailApp.framework */ = {isa = PBXFileReference; explicitFileType = wrapper.framework; includeInIndex = 0; path = Pods_MasterDetailApp.framework; sourceTree = BUILT_PRODUCTS_DIR; };
		AD504660C179ADA80B0CC1D7 /* Pods-MasterDetailApp.debug.xcconfig */ = {isa = PBXFileReference; includeInIndex = 1; lastKnownFileType = text.xcconfig; name = "Pods-MasterDetailApp.debug.xcconfig"; path = "Pods/Target Support Files/Pods-MasterDetailApp/Pods-MasterDetailApp.debug.xcconfig"; sourceTree = "<group>"; };
		B40A95DC20E2DD5F003995C4 /* Products.storyboard */ = {isa = PBXFileReference; lastKnownFileType = file.storyboard; path = Products.storyboard; sourceTree = "<group>"; };
		B40A95DF20E2DE82003995C4 /* ProductsViewController.swift */ = {isa = PBXFileReference; lastKnownFileType = sourcecode.swift; path = ProductsViewController.swift; sourceTree = "<group>"; };
		B40A95E120E2E901003995C4 /* ProductCell.swift */ = {isa = PBXFileReference; lastKnownFileType = sourcecode.swift; path = ProductCell.swift; sourceTree = "<group>"; };
		B40A95E320E2EF25003995C4 /* ProductViewModel.swift */ = {isa = PBXFileReference; lastKnownFileType = sourcecode.swift; path = ProductViewModel.swift; sourceTree = "<group>"; };
		B42D51AF20E1BEDF0077D323 /* MasterDetailApp.app */ = {isa = PBXFileReference; explicitFileType = wrapper.application; includeInIndex = 0; path = MasterDetailApp.app; sourceTree = BUILT_PRODUCTS_DIR; };
		B42D51B220E1BEDF0077D323 /* AppDelegate.swift */ = {isa = PBXFileReference; lastKnownFileType = sourcecode.swift; path = AppDelegate.swift; sourceTree = "<group>"; };
		B42D51B920E1BEE10077D323 /* Assets.xcassets */ = {isa = PBXFileReference; lastKnownFileType = folder.assetcatalog; path = Assets.xcassets; sourceTree = "<group>"; };
		B42D51BC20E1BEE10077D323 /* Base */ = {isa = PBXFileReference; lastKnownFileType = file.storyboard; name = Base; path = Base.lproj/LaunchScreen.storyboard; sourceTree = "<group>"; };
		B42D51BE20E1BEE10077D323 /* Info.plist */ = {isa = PBXFileReference; lastKnownFileType = text.plist.xml; path = Info.plist; sourceTree = "<group>"; };
		B4374C5C20E405BC00875634 /* ProductDetailViewController.swift */ = {isa = PBXFileReference; lastKnownFileType = sourcecode.swift; path = ProductDetailViewController.swift; sourceTree = "<group>"; };
		B4374C5E20E458D900875634 /* MapViewController.swift */ = {isa = PBXFileReference; lastKnownFileType = sourcecode.swift; path = MapViewController.swift; sourceTree = "<group>"; };
		B49B0F3F20E1D3DA00C1303A /* Product.swift */ = {isa = PBXFileReference; lastKnownFileType = sourcecode.swift; path = Product.swift; sourceTree = "<group>"; };
		B4D0EF0120E2ADA400980199 /* Router.swift */ = {isa = PBXFileReference; lastKnownFileType = sourcecode.swift; path = Router.swift; sourceTree = "<group>"; };
		F9BF8935D45741B677748FC2 /* Pods-MasterDetailApp.release.xcconfig */ = {isa = PBXFileReference; includeInIndex = 1; lastKnownFileType = text.xcconfig; name = "Pods-MasterDetailApp.release.xcconfig"; path = "Pods/Target Support Files/Pods-MasterDetailApp/Pods-MasterDetailApp.release.xcconfig"; sourceTree = "<group>"; };
/* End PBXFileReference section */

/* Begin PBXFrameworksBuildPhase section */
		B42D51AC20E1BEDF0077D323 /* Frameworks */ = {
			isa = PBXFrameworksBuildPhase;
			buildActionMask = 2147483647;
			files = (
				FFE9496D5672FE102308C674 /* Pods_MasterDetailApp.framework in Frameworks */,
			);
			runOnlyForDeploymentPostprocessing = 0;
		};
/* End PBXFrameworksBuildPhase section */

/* Begin PBXGroup section */
		60EE7C793ADFB20776326A92 /* Frameworks */ = {
			isa = PBXGroup;
			children = (
				A4845076294EAD14A3CFEB87 /* Pods_MasterDetailApp.framework */,
			);
			name = Frameworks;
			sourceTree = "<group>";
		};
		B40A95DE20E2DE50003995C4 /* Controllers */ = {
			isa = PBXGroup;
			children = (
				B40A95DF20E2DE82003995C4 /* ProductsViewController.swift */,
				B4374C5C20E405BC00875634 /* ProductDetailViewController.swift */,
				B4374C5E20E458D900875634 /* MapViewController.swift */,
			);
			path = Controllers;
			sourceTree = "<group>";
		};
		B42D51A620E1BEDF0077D323 = {
			isa = PBXGroup;
			children = (
				B42D51B120E1BEDF0077D323 /* MasterDetailApp */,
				B42D51B020E1BEDF0077D323 /* Products */,
				D45EA3A6B119C0C934776D81 /* Pods */,
				60EE7C793ADFB20776326A92 /* Frameworks */,
			);
			sourceTree = "<group>";
		};
		B42D51B020E1BEDF0077D323 /* Products */ = {
			isa = PBXGroup;
			children = (
				B42D51AF20E1BEDF0077D323 /* MasterDetailApp.app */,
			);
			name = Products;
			sourceTree = "<group>";
		};
		B42D51B120E1BEDF0077D323 /* MasterDetailApp */ = {
			isa = PBXGroup;
			children = (
				B4D0EF0020E2AD9500980199 /* Helpers */,
				B49B0F3C20E1D38F00C1303A /* Model */,
				B40A95DE20E2DE50003995C4 /* Controllers */,
				B49B0F3D20E1D3AC00C1303A /* View */,
				B49B0F3E20E1D3B400C1303A /* ViewModel */,
				B42D51B220E1BEDF0077D323 /* AppDelegate.swift */,
				B42D51B920E1BEE10077D323 /* Assets.xcassets */,
				B42D51BB20E1BEE10077D323 /* LaunchScreen.storyboard */,
				B42D51BE20E1BEE10077D323 /* Info.plist */,
			);
			path = MasterDetailApp;
			sourceTree = "<group>";
		};
		B49B0F3C20E1D38F00C1303A /* Model */ = {
			isa = PBXGroup;
			children = (
				B49B0F3F20E1D3DA00C1303A /* Product.swift */,
			);
			path = Model;
			sourceTree = "<group>";
		};
		B49B0F3D20E1D3AC00C1303A /* View */ = {
			isa = PBXGroup;
			children = (
				B40A95DC20E2DD5F003995C4 /* Products.storyboard */,
				B40A95E120E2E901003995C4 /* ProductCell.swift */,
			);
			path = View;
			sourceTree = "<group>";
		};
		B49B0F3E20E1D3B400C1303A /* ViewModel */ = {
			isa = PBXGroup;
			children = (
				B40A95E320E2EF25003995C4 /* ProductViewModel.swift */,
			);
			path = ViewModel;
			sourceTree = "<group>";
		};
		B4D0EF0020E2AD9500980199 /* Helpers */ = {
			isa = PBXGroup;
			children = (
				B4D0EF0120E2ADA400980199 /* Router.swift */,
			);
			path = Helpers;
			sourceTree = "<group>";
		};
		D45EA3A6B119C0C934776D81 /* Pods */ = {
			isa = PBXGroup;
			children = (
				AD504660C179ADA80B0CC1D7 /* Pods-MasterDetailApp.debug.xcconfig */,
				F9BF8935D45741B677748FC2 /* Pods-MasterDetailApp.release.xcconfig */,
			);
			name = Pods;
			sourceTree = "<group>";
		};
/* End PBXGroup section */

/* Begin PBXNativeTarget section */
		B42D51AE20E1BEDF0077D323 /* MasterDetailApp */ = {
			isa = PBXNativeTarget;
			buildConfigurationList = B42D51C120E1BEE10077D323 /* Build configuration list for PBXNativeTarget "MasterDetailApp" */;
			buildPhases = (
				FA3842C145D9E4DEEF04E507 /* [CP] Check Pods Manifest.lock */,
				B42D51AB20E1BEDF0077D323 /* Sources */,
				B42D51AC20E1BEDF0077D323 /* Frameworks */,
				B42D51AD20E1BEDF0077D323 /* Resources */,
				BE92AE6013765B124BA29F81 /* [CP] Embed Pods Frameworks */,
			);
			buildRules = (
			);
			dependencies = (
			);
			name = MasterDetailApp;
			productName = MasterDetailApp;
			productReference = B42D51AF20E1BEDF0077D323 /* MasterDetailApp.app */;
			productType = "com.apple.product-type.application";
		};
/* End PBXNativeTarget section */

/* Begin PBXProject section */
		B42D51A720E1BEDF0077D323 /* Project object */ = {
			isa = PBXProject;
			attributes = {
				LastSwiftUpdateCheck = 0940;
				LastUpgradeCheck = 0940;
				ORGANIZATIONNAME = "Catalina Sánchez";
				TargetAttributes = {
					B42D51AE20E1BEDF0077D323 = {
						CreatedOnToolsVersion = 9.4.1;
					};
				};
			};
			buildConfigurationList = B42D51AA20E1BEDF0077D323 /* Build configuration list for PBXProject "MasterDetailApp" */;
			compatibilityVersion = "Xcode 9.3";
			developmentRegion = en;
			hasScannedForEncodings = 0;
			knownRegions = (
				en,
				Base,
			);
			mainGroup = B42D51A620E1BEDF0077D323;
			productRefGroup = B42D51B020E1BEDF0077D323 /* Products */;
			projectDirPath = "";
			projectRoot = "";
			targets = (
				B42D51AE20E1BEDF0077D323 /* MasterDetailApp */,
			);
		};
/* End PBXProject section */

/* Begin PBXResourcesBuildPhase section */
		B42D51AD20E1BEDF0077D323 /* Resources */ = {
			isa = PBXResourcesBuildPhase;
			buildActionMask = 2147483647;
			files = (
				B40A95DD20E2DD5F003995C4 /* Products.storyboard in Resources */,
				B42D51BD20E1BEE10077D323 /* LaunchScreen.storyboard in Resources */,
				B42D51BA20E1BEE10077D323 /* Assets.xcassets in Resources */,
			);
			runOnlyForDeploymentPostprocessing = 0;
		};
/* End PBXResourcesBuildPhase section */

/* Begin PBXShellScriptBuildPhase section */
		BE92AE6013765B124BA29F81 /* [CP] Embed Pods Frameworks */ = {
			isa = PBXShellScriptBuildPhase;
			buildActionMask = 2147483647;
			files = (
			);
			inputPaths = (
				"${SRCROOT}/Pods/Target Support Files/Pods-MasterDetailApp/Pods-MasterDetailApp-frameworks.sh",
				"${BUILT_PRODUCTS_DIR}/Alamofire/Alamofire.framework",
				"${BUILT_PRODUCTS_DIR}/Moya/Moya.framework",
				"${BUILT_PRODUCTS_DIR}/ObjectMapper/ObjectMapper.framework",
				"${BUILT_PRODUCTS_DIR}/ObjectMapper+Realm/ObjectMapper_Realm.framework",
				"${BUILT_PRODUCTS_DIR}/Realm/Realm.framework",
				"${BUILT_PRODUCTS_DIR}/RealmSwift/RealmSwift.framework",
				"${BUILT_PRODUCTS_DIR}/Result/Result.framework",
				"${BUILT_PRODUCTS_DIR}/RxCocoa/RxCocoa.framework",
				"${BUILT_PRODUCTS_DIR}/RxSwift/RxSwift.framework",
				"${BUILT_PRODUCTS_DIR}/SDWebImage/SDWebImage.framework",
				"${BUILT_PRODUCTS_DIR}/libwebp/libwebp.framework",
			);
			name = "[CP] Embed Pods Frameworks";
			outputPaths = (
				"${TARGET_BUILD_DIR}/${FRAMEWORKS_FOLDER_PATH}/Alamofire.framework",
				"${TARGET_BUILD_DIR}/${FRAMEWORKS_FOLDER_PATH}/Moya.framework",
				"${TARGET_BUILD_DIR}/${FRAMEWORKS_FOLDER_PATH}/ObjectMapper.framework",
				"${TARGET_BUILD_DIR}/${FRAMEWORKS_FOLDER_PATH}/ObjectMapper_Realm.framework",
				"${TARGET_BUILD_DIR}/${FRAMEWORKS_FOLDER_PATH}/Realm.framework",
				"${TARGET_BUILD_DIR}/${FRAMEWORKS_FOLDER_PATH}/RealmSwift.framework",
				"${TARGET_BUILD_DIR}/${FRAMEWORKS_FOLDER_PATH}/Result.framework",
				"${TARGET_BUILD_DIR}/${FRAMEWORKS_FOLDER_PATH}/RxCocoa.framework",
				"${TARGET_BUILD_DIR}/${FRAMEWORKS_FOLDER_PATH}/RxSwift.framework",
				"${TARGET_BUILD_DIR}/${FRAMEWORKS_FOLDER_PATH}/SDWebImage.framework",
				"${TARGET_BUILD_DIR}/${FRAMEWORKS_FOLDER_PATH}/libwebp.framework",
			);
			runOnlyForDeploymentPostprocessing = 0;
			shellPath = /bin/sh;
			shellScript = "\"${SRCROOT}/Pods/Target Support Files/Pods-MasterDetailApp/Pods-MasterDetailApp-frameworks.sh\"\n";
			showEnvVarsInLog = 0;
		};
		FA3842C145D9E4DEEF04E507 /* [CP] Check Pods Manifest.lock */ = {
			isa = PBXShellScriptBuildPhase;
			buildActionMask = 2147483647;
			files = (
			);
			inputPaths = (
				"${PODS_PODFILE_DIR_PATH}/Podfile.lock",
				"${PODS_ROOT}/Manifest.lock",
			);
			name = "[CP] Check Pods Manifest.lock";
			outputPaths = (
				"$(DERIVED_FILE_DIR)/Pods-MasterDetailApp-checkManifestLockResult.txt",
			);
			runOnlyForDeploymentPostprocessing = 0;
			shellPath = /bin/sh;
			shellScript = "diff \"${PODS_PODFILE_DIR_PATH}/Podfile.lock\" \"${PODS_ROOT}/Manifest.lock\" > /dev/null\nif [ $? != 0 ] ; then\n    # print error to STDERR\n    echo \"error: The sandbox is not in sync with the Podfile.lock. Run 'pod install' or update your CocoaPods installation.\" >&2\n    exit 1\nfi\n# This output is used by Xcode 'outputs' to avoid re-running this script phase.\necho \"SUCCESS\" > \"${SCRIPT_OUTPUT_FILE_0}\"\n";
			showEnvVarsInLog = 0;
		};
/* End PBXShellScriptBuildPhase section */

/* Begin PBXSourcesBuildPhase section */
		B42D51AB20E1BEDF0077D323 /* Sources */ = {
			isa = PBXSourcesBuildPhase;
			buildActionMask = 2147483647;
			files = (
				B42D51B320E1BEDF0077D323 /* AppDelegate.swift in Sources */,
				B4D0EF0220E2ADA400980199 /* Router.swift in Sources */,
				B4374C5D20E405BC00875634 /* ProductDetailViewController.swift in Sources */,
				B40A95E420E2EF25003995C4 /* ProductViewModel.swift in Sources */,
				B40A95E220E2E901003995C4 /* ProductCell.swift in Sources */,
				B40A95E020E2DE82003995C4 /* ProductsViewController.swift in Sources */,
				B49B0F4020E1D3DA00C1303A /* Product.swift in Sources */,
				B4374C5F20E458D900875634 /* MapViewController.swift in Sources */,
			);
			runOnlyForDeploymentPostprocessing = 0;
		};
/* End PBXSourcesBuildPhase section */

/* Begin PBXVariantGroup section */
		B42D51BB20E1BEE10077D323 /* LaunchScreen.storyboard */ = {
			isa = PBXVariantGroup;
			children = (
				B42D51BC20E1BEE10077D323 /* Base */,
			);
			name = LaunchScreen.storyboard;
			sourceTree = "<group>";
		};
/* End PBXVariantGroup section */

/* Begin XCBuildConfiguration section */
		B42D51BF20E1BEE10077D323 /* Debug */ = {
			isa = XCBuildConfiguration;
			buildSettings = {
				ALWAYS_SEARCH_USER_PATHS = NO;
				CLANG_ANALYZER_NONNULL = YES;
				CLANG_ANALYZER_NUMBER_OBJECT_CONVERSION = YES_AGGRESSIVE;
				CLANG_CXX_LANGUAGE_STANDARD = "gnu++14";
				CLANG_CXX_LIBRARY = "libc++";
				CLANG_ENABLE_MODULES = YES;
				CLANG_ENABLE_OBJC_ARC = YES;
				CLANG_ENABLE_OBJC_WEAK = YES;
				CLANG_WARN_BLOCK_CAPTURE_AUTORELEASING = YES;
				CLANG_WARN_BOOL_CONVERSION = YES;
				CLANG_WARN_COMMA = YES;
				CLANG_WARN_CONSTANT_CONVERSION = YES;
				CLANG_WARN_DEPRECATED_OBJC_IMPLEMENTATIONS = YES;
				CLANG_WARN_DIRECT_OBJC_ISA_USAGE = YES_ERROR;
				CLANG_WARN_DOCUMENTATION_COMMENTS = YES;
				CLANG_WARN_EMPTY_BODY = YES;
				CLANG_WARN_ENUM_CONVERSION = YES;
				CLANG_WARN_INFINITE_RECURSION = YES;
				CLANG_WARN_INT_CONVERSION = YES;
				CLANG_WARN_NON_LITERAL_NULL_CONVERSION = YES;
				CLANG_WARN_OBJC_IMPLICIT_RETAIN_SELF = YES;
				CLANG_WARN_OBJC_LITERAL_CONVERSION = YES;
				CLANG_WARN_OBJC_ROOT_CLASS = YES_ERROR;
				CLANG_WARN_RANGE_LOOP_ANALYSIS = YES;
				CLANG_WARN_STRICT_PROTOTYPES = YES;
				CLANG_WARN_SUSPICIOUS_MOVE = YES;
				CLANG_WARN_UNGUARDED_AVAILABILITY = YES_AGGRESSIVE;
				CLANG_WARN_UNREACHABLE_CODE = YES;
				CLANG_WARN__DUPLICATE_METHOD_MATCH = YES;
				CODE_SIGN_IDENTITY = "iPhone Developer";
				COPY_PHASE_STRIP = NO;
				DEBUG_INFORMATION_FORMAT = dwarf;
				ENABLE_STRICT_OBJC_MSGSEND = YES;
				ENABLE_TESTABILITY = YES;
				GCC_C_LANGUAGE_STANDARD = gnu11;
				GCC_DYNAMIC_NO_PIC = NO;
				GCC_NO_COMMON_BLOCKS = YES;
				GCC_OPTIMIZATION_LEVEL = 0;
				GCC_PREPROCESSOR_DEFINITIONS = (
					"DEBUG=1",
					"$(inherited)",
				);
				GCC_WARN_64_TO_32_BIT_CONVERSION = YES;
				GCC_WARN_ABOUT_RETURN_TYPE = YES_ERROR;
				GCC_WARN_UNDECLARED_SELECTOR = YES;
				GCC_WARN_UNINITIALIZED_AUTOS = YES_AGGRESSIVE;
				GCC_WARN_UNUSED_FUNCTION = YES;
				GCC_WARN_UNUSED_VARIABLE = YES;
				IPHONEOS_DEPLOYMENT_TARGET = 11.4;
				MTL_ENABLE_DEBUG_INFO = YES;
				ONLY_ACTIVE_ARCH = YES;
				SDKROOT = iphoneos;
				SWIFT_ACTIVE_COMPILATION_CONDITIONS = DEBUG;
				SWIFT_OPTIMIZATION_LEVEL = "-Onone";
			};
			name = Debug;
		};
		B42D51C020E1BEE10077D323 /* Release */ = {
			isa = XCBuildConfiguration;
			buildSettings = {
				ALWAYS_SEARCH_USER_PATHS = NO;
				CLANG_ANALYZER_NONNULL = YES;
				CLANG_ANALYZER_NUMBER_OBJECT_CONVERSION = YES_AGGRESSIVE;
				CLANG_CXX_LANGUAGE_STANDARD = "gnu++14";
				CLANG_CXX_LIBRARY = "libc++";
				CLANG_ENABLE_MODULES = YES;
				CLANG_ENABLE_OBJC_ARC = YES;
				CLANG_ENABLE_OBJC_WEAK = YES;
				CLANG_WARN_BLOCK_CAPTURE_AUTORELEASING = YES;
				CLANG_WARN_BOOL_CONVERSION = YES;
				CLANG_WARN_COMMA = YES;
				CLANG_WARN_CONSTANT_CONVERSION = YES;
				CLANG_WARN_DEPRECATED_OBJC_IMPLEMENTATIONS = YES;
				CLANG_WARN_DIRECT_OBJC_ISA_USAGE = YES_ERROR;
				CLANG_WARN_DOCUMENTATION_COMMENTS = YES;
				CLANG_WARN_EMPTY_BODY = YES;
				CLANG_WARN_ENUM_CONVERSION = YES;
				CLANG_WARN_INFINITE_RECURSION = YES;
				CLANG_WARN_INT_CONVERSION = YES;
				CLANG_WARN_NON_LITERAL_NULL_CONVERSION = YES;
				CLANG_WARN_OBJC_IMPLICIT_RETAIN_SELF = YES;
				CLANG_WARN_OBJC_LITERAL_CONVERSION = YES;
				CLANG_WARN_OBJC_ROOT_CLASS = YES_ERROR;
				CLANG_WARN_RANGE_LOOP_ANALYSIS = YES;
				CLANG_WARN_STRICT_PROTOTYPES = YES;
				CLANG_WARN_SUSPICIOUS_MOVE = YES;
				CLANG_WARN_UNGUARDED_AVAILABILITY = YES_AGGRESSIVE;
				CLANG_WARN_UNREACHABLE_CODE = YES;
				CLANG_WARN__DUPLICATE_METHOD_MATCH = YES;
				CODE_SIGN_IDENTITY = "iPhone Developer";
				COPY_PHASE_STRIP = NO;
				DEBUG_INFORMATION_FORMAT = "dwarf-with-dsym";
				ENABLE_NS_ASSERTIONS = NO;
				ENABLE_STRICT_OBJC_MSGSEND = YES;
				GCC_C_LANGUAGE_STANDARD = gnu11;
				GCC_NO_COMMON_BLOCKS = YES;
				GCC_WARN_64_TO_32_BIT_CONVERSION = YES;
				GCC_WARN_ABOUT_RETURN_TYPE = YES_ERROR;
				GCC_WARN_UNDECLARED_SELECTOR = YES;
				GCC_WARN_UNINITIALIZED_AUTOS = YES_AGGRESSIVE;
				GCC_WARN_UNUSED_FUNCTION = YES;
				GCC_WARN_UNUSED_VARIABLE = YES;
				IPHONEOS_DEPLOYMENT_TARGET = 11.4;
				MTL_ENABLE_DEBUG_INFO = NO;
				SDKROOT = iphoneos;
				SWIFT_COMPILATION_MODE = wholemodule;
				SWIFT_OPTIMIZATION_LEVEL = "-O";
				VALIDATE_PRODUCT = YES;
			};
			name = Release;
		};
		B42D51C220E1BEE10077D323 /* Debug */ = {
			isa = XCBuildConfiguration;
			baseConfigurationReference = AD504660C179ADA80B0CC1D7 /* Pods-MasterDetailApp.debug.xcconfig */;
			buildSettings = {
				ASSETCATALOG_COMPILER_APPICON_NAME = AppIcon;
				CODE_SIGN_STYLE = Automatic;
				DEVELOPMENT_TEAM = "";
				INFOPLIST_FILE = MasterDetailApp/Info.plist;
				LD_RUNPATH_SEARCH_PATHS = "$(inherited) @executable_path/Frameworks";
				PRODUCT_BUNDLE_IDENTIFIER = com.cata.MasterDetailApp;
				PRODUCT_NAME = "$(TARGET_NAME)";
				SWIFT_VERSION = 3.0;
				TARGETED_DEVICE_FAMILY = "1,2";
			};
			name = Debug;
		};
		B42D51C320E1BEE10077D323 /* Release */ = {
			isa = XCBuildConfiguration;
			baseConfigurationReference = F9BF8935D45741B677748FC2 /* Pods-MasterDetailApp.release.xcconfig */;
			buildSettings = {
				ASSETCATALOG_COMPILER_APPICON_NAME = AppIcon;
				CODE_SIGN_STYLE = Automatic;
				DEVELOPMENT_TEAM = "";
				INFOPLIST_FILE = MasterDetailApp/Info.plist;
				LD_RUNPATH_SEARCH_PATHS = "$(inherited) @executable_path/Frameworks";
				PRODUCT_BUNDLE_IDENTIFIER = com.cata.MasterDetailApp;
				PRODUCT_NAME = "$(TARGET_NAME)";
				SWIFT_VERSION = 3.0;
				TARGETED_DEVICE_FAMILY = "1,2";
			};
			name = Release;
		};
/* End XCBuildConfiguration section */

/* Begin XCConfigurationList section */
		B42D51AA20E1BEDF0077D323 /* Build configuration list for PBXProject "MasterDetailApp" */ = {
			isa = XCConfigurationList;
			buildConfigurations = (
				B42D51BF20E1BEE10077D323 /* Debug */,
				B42D51C020E1BEE10077D323 /* Release */,
			);
			defaultConfigurationIsVisible = 0;
			defaultConfigurationName = Release;
		};
		B42D51C120E1BEE10077D323 /* Build configuration list for PBXNativeTarget "MasterDetailApp" */ = {
			isa = XCConfigurationList;
			buildConfigurations = (
				B42D51C220E1BEE10077D323 /* Debug */,
				B42D51C320E1BEE10077D323 /* Release */,
			);
			defaultConfigurationIsVisible = 0;
			defaultConfigurationName = Release;
		};
/* End XCConfigurationList section */
	};
	rootObject = B42D51A720E1BEDF0077D323 /* Project object */;
}
